
Microsoft Visual Studio Solution File, Format Version 12.00
# Visual Studio Version 16
VisualStudioVersion = 16.0.29920.165
MinimumVisualStudioVersion = 10.0.40219.1
Project("{FAE04EC0-301F-11D3-BF4B-00C04F79EFBC}") = "Ejercicio-7", "Ejercicio-7\Ejercicio-7.csproj", "{423FA1A3-2748-4A13-85D0-82A594743636}"
EndProject
Global
	GlobalSection(SolutionConfigurationPlatforms) = preSolution
		Debug|Any CPU = Debug|Any CPU
		Release|Any CPU = Release|Any CPU
	EndGlobalSection
	GlobalSection(ProjectConfigurationPlatforms) = postSolution
		{423FA1A3-2748-4A13-85D0-82A594743636}.Debug|Any CPU.ActiveCfg = Debug|Any CPU
		{423FA1A3-2748-4A13-85D0-82A594743636}.Debug|Any CPU.Build.0 = Debug|Any CPU
		{423FA1A3-2748-4A13-85D0-82A594743636}.Release|Any CPU.ActiveCfg = Release|Any CPU
		{423FA1A3-2748-4A13-85D0-82A594743636}.Release|Any CPU.Build.0 = Release|Any CPU
	EndGlobalSection
	GlobalSection(SolutionProperties) = preSolution
		HideSolutionNode = FALSE
	EndGlobalSection
	GlobalSection(ExtensibilityGlobals) = postSolution
		SolutionGuid = {EE4EDEEC-60B7-4A0D-A57C-6364B382BD91}
	EndGlobalSection
EndGlobal
