
Microsoft Visual Studio Solution File, Format Version 12.00
# Visual Studio Version 16
VisualStudioVersion = 16.0.29920.165
MinimumVisualStudioVersion = 10.0.40219.1
Project("{FAE04EC0-301F-11D3-BF4B-00C04F79EFBC}") = "Ejercicio-2", "Ejercicio-2\Ejercicio-2.csproj", "{7496688B-E88A-47FF-AD29-933CC14AAE80}"
EndProject
Global
	GlobalSection(SolutionConfigurationPlatforms) = preSolution
		Debug|Any CPU = Debug|Any CPU
		Release|Any CPU = Release|Any CPU
	EndGlobalSection
	GlobalSection(ProjectConfigurationPlatforms) = postSolution
		{7496688B-E88A-47FF-AD29-933CC14AAE80}.Debug|Any CPU.ActiveCfg = Debug|Any CPU
		{7496688B-E88A-47FF-AD29-933CC14AAE80}.Debug|Any CPU.Build.0 = Debug|Any CPU
		{7496688B-E88A-47FF-AD29-933CC14AAE80}.Release|Any CPU.ActiveCfg = Release|Any CPU
		{7496688B-E88A-47FF-AD29-933CC14AAE80}.Release|Any CPU.Build.0 = Release|Any CPU
	EndGlobalSection
	GlobalSection(SolutionProperties) = preSolution
		HideSolutionNode = FALSE
	EndGlobalSection
	GlobalSection(ExtensibilityGlobals) = postSolution
		SolutionGuid = {4915A571-B8AA-4EB2-811F-0A68F49E8E83}
	EndGlobalSection
EndGlobal
