
Microsoft Visual Studio Solution File, Format Version 12.00
# Visual Studio Version 16
VisualStudioVersion = 16.0.29920.165
MinimumVisualStudioVersion = 10.0.40219.1
Project("{FAE04EC0-301F-11D3-BF4B-00C04F79EFBC}") = "Ejercicio-5-ConceptosBasicos", "Ejercicio-5-ConceptosBasicos\Ejercicio-5-ConceptosBasicos.csproj", "{3DB5D661-C983-484A-9FED-1EE173A27EA5}"
EndProject
Global
	GlobalSection(SolutionConfigurationPlatforms) = preSolution
		Debug|Any CPU = Debug|Any CPU
		Release|Any CPU = Release|Any CPU
	EndGlobalSection
	GlobalSection(ProjectConfigurationPlatforms) = postSolution
		{3DB5D661-C983-484A-9FED-1EE173A27EA5}.Debug|Any CPU.ActiveCfg = Debug|Any CPU
		{3DB5D661-C983-484A-9FED-1EE173A27EA5}.Debug|Any CPU.Build.0 = Debug|Any CPU
		{3DB5D661-C983-484A-9FED-1EE173A27EA5}.Release|Any CPU.ActiveCfg = Release|Any CPU
		{3DB5D661-C983-484A-9FED-1EE173A27EA5}.Release|Any CPU.Build.0 = Release|Any CPU
	EndGlobalSection
	GlobalSection(SolutionProperties) = preSolution
		HideSolutionNode = FALSE
	EndGlobalSection
	GlobalSection(ExtensibilityGlobals) = postSolution
		SolutionGuid = {B1A580C7-2CA3-4811-9384-D75F79C38B04}
	EndGlobalSection
EndGlobal
